
Microsoft Visual Studio Solution File, Format Version 12.00
# Visual Studio 14
VisualStudioVersion = 14.0.24720.0
MinimumVisualStudioVersion = 10.0.40219.1
Project("{FAE04EC0-301F-11D3-BF4B-00C04F79EFBC}") = "TicketingSystem.Data", "TicketingSystem.Data\TicketingSystem.Data.csproj", "{7BDAA59C-4E02-4652-BEEB-CD7A1A5DF37C}"
EndProject
Project("{FAE04EC0-301F-11D3-BF4B-00C04F79EFBC}") = "TicketingSystem.Models", "TicketingSystem.Models\TicketingSystem.Models.csproj", "{A7D6356B-647F-412D-83F5-DF774624F104}"
EndProject
Project("{FAE04EC0-301F-11D3-BF4B-00C04F79EFBC}") = "TicketingSystem.Server", "TicketingSystem.Server\TicketingSystem.Server.csproj", "{33F305C1-918C-4329-B9B4-F4144F60924A}"
EndProject
Project("{FAE04EC0-301F-11D3-BF4B-00C04F79EFBC}") = "TicketingSystem.Server.Tests", "TicketingSystem.Server.Tests\TicketingSystem.Server.Tests.csproj", "{B59C4A1E-BDFF-4AFB-9BD2-DD98D50C8C48}"
EndProject
Global
	GlobalSection(SolutionConfigurationPlatforms) = preSolution
		Debug|Any CPU = Debug|Any CPU
		Release|Any CPU = Release|Any CPU
	EndGlobalSection
	GlobalSection(ProjectConfigurationPlatforms) = postSolution
		{7BDAA59C-4E02-4652-BEEB-CD7A1A5DF37C}.Debug|Any CPU.ActiveCfg = Debug|Any CPU
		{7BDAA59C-4E02-4652-BEEB-CD7A1A5DF37C}.Debug|Any CPU.Build.0 = Debug|Any CPU
		{7BDAA59C-4E02-4652-BEEB-CD7A1A5DF37C}.Release|Any CPU.ActiveCfg = Release|Any CPU
		{7BDAA59C-4E02-4652-BEEB-CD7A1A5DF37C}.Release|Any CPU.Build.0 = Release|Any CPU
		{A7D6356B-647F-412D-83F5-DF774624F104}.Debug|Any CPU.ActiveCfg = Debug|Any CPU
		{A7D6356B-647F-412D-83F5-DF774624F104}.Debug|Any CPU.Build.0 = Debug|Any CPU
		{A7D6356B-647F-412D-83F5-DF774624F104}.Release|Any CPU.ActiveCfg = Release|Any CPU
		{A7D6356B-647F-412D-83F5-DF774624F104}.Release|Any CPU.Build.0 = Release|Any CPU
		{33F305C1-918C-4329-B9B4-F4144F60924A}.Debug|Any CPU.ActiveCfg = Debug|Any CPU
		{33F305C1-918C-4329-B9B4-F4144F60924A}.Debug|Any CPU.Build.0 = Debug|Any CPU
		{33F305C1-918C-4329-B9B4-F4144F60924A}.Release|Any CPU.ActiveCfg = Release|Any CPU
		{33F305C1-918C-4329-B9B4-F4144F60924A}.Release|Any CPU.Build.0 = Release|Any CPU
		{B59C4A1E-BDFF-4AFB-9BD2-DD98D50C8C48}.Debug|Any CPU.ActiveCfg = Debug|Any CPU
		{B59C4A1E-BDFF-4AFB-9BD2-DD98D50C8C48}.Debug|Any CPU.Build.0 = Debug|Any CPU
		{B59C4A1E-BDFF-4AFB-9BD2-DD98D50C8C48}.Release|Any CPU.ActiveCfg = Release|Any CPU
		{B59C4A1E-BDFF-4AFB-9BD2-DD98D50C8C48}.Release|Any CPU.Build.0 = Release|Any CPU
	EndGlobalSection
	GlobalSection(SolutionProperties) = preSolution
		HideSolutionNode = FALSE
	EndGlobalSection
EndGlobal
